hash: e969076bf6d0009df649639d558dabc36358b42e0fca53ca077b6d80550fbb6a
updated: 2020-03-06T22:01:14.800149+02:00
imports:
- name: github.com/gomodule/redigo
  version: 9c11da706d9b7902c6da69c592f75637793fe121
  subpackages:
  - redis
- name: github.com/gorilla/mux
  version: 00bdffe0f3c77e27d2cf6f5c70232a2d3e4d9c15
- name: github.com/openshift/client-go
  version: 42d4abb856ce41c204a6e24342f12be5b5cd9ab8
testImports: []
